lockfileVersion: '6.0'

settings:
  autoInstallPeers: true
  excludeLinksFromLockfile: false

importers:

  .:
    devDependencies:
      '@swc/core':
        specifier: ^1.3.68
        version: 1.3.68
      minimist:
        specifier: ^1.2.8
        version: 1.2.8
      prettier:
        specifier: ^2.8.8
        version: 2.8.8
      rollup:
        specifier: ^2.79.1
        version: 2.79.1
      rollup-plugin-swc:
        specifier: ^0.2.1
        version: 0.2.1(@swc/core@1.3.68)(rollup@2.79.1)
      rollup-plugin-userscript-metablock:
        specifier: ^0.3.3
        version: 0.3.3
      turbo:
        specifier: ^1.10.7
        version: 1.10.7
      typescript:
        specifier: ^4.9.5
        version: 4.9.5

  packages/_template:
    devDependencies:
      tsconfig:
        specifier: workspace:*
        version: link:../_tsconfig

  packages/_tsconfig:
    devDependencies:
      '@tsconfig/recommended':
        specifier: ^1.0.1
        version: 1.0.1

  packages/better-steam-rating: {}

  packages/douban2rarbg:
    devDependencies:
      tsconfig:
        specifier: workspace:*
        version: link:../_tsconfig

  packages/down-git:
    devDependencies:
      tsconfig:
        specifier: workspace:*
        version: link:../_tsconfig

  packages/exclude-dv:
    devDependencies:
      tsconfig:
        specifier: workspace:*
        version: link:../_tsconfig

  packages/ghproxy-gist-raw:
    devDependencies:
      tsconfig:
        specifier: workspace:*
        version: link:../_tsconfig

  packages/ghproxy-raw:
    devDependencies:
      tsconfig:
        specifier: workspace:*
        version: link:../_tsconfig

  packages/ghproxy-releases:
    devDependencies:
      tsconfig:
        specifier: workspace:*
        version: link:../_tsconfig

packages:

  /@rollup/pluginutils@4.2.1:
    resolution: {integrity: sha512-iKnFXr7NkdZAIHiIWE+BX5ULi/ucVFYWD6TbAV+rZctiRTY2PL6tsIKhoIOaoskiWAkgu+VsbXgUVDNLHf+InQ==}
    engines: {node: '>= 8.0.0'}
    dependencies:
      estree-walker: 2.0.2
      picomatch: 2.3.1
    dev: true

  /@swc/core-darwin-arm64@1.3.68:
    resolution: {integrity: sha512-Z5pNxeuP2NxpOHTzDQkJs0wAPLnTlglZnR3WjObijwvdwT/kw1Y5EPDKM/BVSIeG40SPMkDLBbI0aj0qyXzrBA==}
    engines: {node: '>=10'}
    cpu: [arm64]
    os: [darwin]
    requiresBuild: true
    dev: true
    optional: true

  /@swc/core-darwin-x64@1.3.68:
    resolution: {integrity: sha512-ZHl42g6yXhfX4PzAQ0BNvBXpt/OcbAHfubWRN6eXELK3fiNnxL7QBW1if7iizlq6iA+Mj1pwHyyUit1pz0+fgA==}
    engines: {node: '>=10'}
    cpu: [x64]
    os: [darwin]
    requiresBuild: true
    dev: true
    optional: true

  /@swc/core-linux-arm-gnueabihf@1.3.68:
    resolution: {integrity: sha512-Mk8f6KCOQ2CNAR4PtWajIjS6XKSSR7ZYDOCf1GXRxhS3qEyQH7V8elWvqWYqHcT4foO60NUmxA/NOM/dQrdO1A==}
    engines: {node: '>=10'}
    cpu: [arm]
    os: [linux]
    requiresBuild: true
    dev: true
    optional: true

  /@swc/core-linux-arm64-gnu@1.3.68:
    resolution: {integrity: sha512-RhBllggh9t9sIxaRgRcGrVaS7fDk6KsIqR6b9+dwU5OyDr4ZyHWw1ZaH/1/HAebuXYhNBjoNUiRtca6lKRIPgQ==}
    engines: {node: '>=10'}
    cpu: [arm64]
    os: [linux]
    requiresBuild: true
    dev: true
    optional: true

  /@swc/core-linux-arm64-musl@1.3.68:
    resolution: {integrity: sha512-8K3zjU+tFgn6yGDEeD343gkKaHU9dhz77NiVkI1VzwRaT/Ag5pwl5eMQ1yStm8koNFzn3zq6rGjHfI5g2yI5Wg==}
    engines: {node: '>=10'}
    cpu: [arm64]
    os: [linux]
    requiresBuild: true
    dev: true
    optional: true

  /@swc/core-linux-x64-gnu@1.3.68:
    resolution: {integrity: sha512-4xAnvsBOyeTL0AB8GWlRKDM/hsysJ5jr5qvdKKI3rZfJgnnxl/xSX6TJKPsJ8gygfUJ3BmfCbmUmEyeDZ3YPvA==}
    engines: {node: '>=10'}
    cpu: [x64]
    os: [linux]
    requiresBuild: true
    dev: true
    optional: true

  /@swc/core-linux-x64-musl@1.3.68:
    resolution: {integrity: sha512-RCpaBo1fcpy1EFdjF+I7N4lfzOaHXVV0iMw/ABM+0PD6tp3V/9pxsguaZyeAHyEiUlDA6PZ4TfXv5zfnXEgW4Q==}
    engines: {node: '>=10'}
    cpu: [x64]
    os: [linux]
    requiresBuild: true
    dev: true
    optional: true

  /@swc/core-win32-arm64-msvc@1.3.68:
    resolution: {integrity: sha512-v2WZvXrSslYEpY1nqpItyamL4DyaJinmOkXvM8Bc1LLKU5rGuvmBdjUYg/5Y+o0AUynuiWubpgHNOkBWiCvfqw==}
    engines: {node: '>=10'}
    cpu: [arm64]
    os: [win32]
    requiresBuild: true
    dev: true
    optional: true

  /@swc/core-win32-ia32-msvc@1.3.68:
    resolution: {integrity: sha512-HH5NJrIdzkJs+1xxprie0qSCMBeL9yeEhcC1yZTzYv8bwmabOUSdtKIqS55iYP/2hLWn9CTbvKPmLOIhCopW3Q==}
    engines: {node: '>=10'}
    cpu: [ia32]
    os: [win32]
    requiresBuild: true
    dev: true
    optional: true

  /@swc/core-win32-x64-msvc@1.3.68:
    resolution: {integrity: sha512-9HZVtLQUgK8r/yXQdwe0VBexbIcrY6+fBROhs7AAPWdewpaUeLkwQEJk6TbYr9CQuHw26FFGg6SjwAiqXF+kgQ==}
    engines: {node: '>=10'}
    cpu: [x64]
    os: [win32]
    requiresBuild: true
    dev: true
    optional: true

  /@swc/core@1.3.68:
    resolution: {integrity: sha512-njGQuJO+Wy06dEayt70cf0c/KI3HGjm4iW9LLViVLBuYNzJ4SSdNfzejludzufu6im+dsDJ0i3QjgWhAIcVHMQ==}
    engines: {node: '>=10'}
    requiresBuild: true
    peerDependencies:
      '@swc/helpers': ^0.5.0
    peerDependenciesMeta:
      '@swc/helpers':
        optional: true
    optionalDependencies:
      '@swc/core-darwin-arm64': 1.3.68
      '@swc/core-darwin-x64': 1.3.68
      '@swc/core-linux-arm-gnueabihf': 1.3.68
      '@swc/core-linux-arm64-gnu': 1.3.68
      '@swc/core-linux-arm64-musl': 1.3.68
      '@swc/core-linux-x64-gnu': 1.3.68
      '@swc/core-linux-x64-musl': 1.3.68
      '@swc/core-win32-arm64-msvc': 1.3.68
      '@swc/core-win32-ia32-msvc': 1.3.68
      '@swc/core-win32-x64-msvc': 1.3.68
    dev: true

  /@tsconfig/recommended@1.0.1:
    resolution: {integrity: sha512-2xN+iGTbPBEzGSnVp/Hd64vKJCJWxsi9gfs88x4PPMyEjHJoA3o5BY9r5OLPHIZU2pAQxkSAsJFqn6itClP8mQ==}
    dev: true

  /ansi-styles@4.3.0:
    resolution: {integrity: sha512-zbB9rCJAT1rbjiVDb2hqKFHNYLxgtk8NURxZ3IZwD3F6NtxbXZQCnnSi1Lkx+IDohdPlFp222wVALIheZJQSEg==}
    engines: {node: '>=8'}
    dependencies:
      color-convert: 2.0.1
    dev: true

  /argparse@2.0.1:
    resolution: {integrity: sha512-8+9WqebbFzpX9OR+Wa6O29asIogeRMzcGtAINdpMHHyAg10f05aSFVBbcEqGf/PXw1EjAZ+q2/bEBg3DvurK3Q==}
    dev: true

  /chalk@4.1.2:
    resolution: {integrity: sha512-oKnbhFyRIXpUuez8iBMmyEa4nbj4IOQyuhc/wy9kY7/WVPcwIO9VA668Pu8RkO7+0G76SLROeyw9CpQ061i4mA==}
    engines: {node: '>=10'}
    dependencies:
      ansi-styles: 4.3.0
      supports-color: 7.2.0
    dev: true

  /color-convert@2.0.1:
    resolution: {integrity: sha512-RRECPsj7iu/xb5oKYcsFHSppFNnsj/52OVTRKb4zP5onXwVF3zVmmToNcOfGC+CRDpfK/U584fMg38ZHCaElKQ==}
    engines: {node: '>=7.0.0'}
    dependencies:
      color-name: 1.1.4
    dev: true

  /color-name@1.1.4:
    resolution: {integrity: sha512-dOy+3AuW3a2wNbZHIuMZpTcgjGuLU/uBL/ubcZF9OXbDo8ff4O8yVp5Bf0efS8uEoYo5q4Fx7dY9OgQGXgAsQA==}
    dev: true

  /debug@4.3.4:
    resolution: {integrity: sha512-PRWFHuSU3eDtQJPvnNY7Jcket1j0t5OuOsFzPPzsekD52Zl8qUfFIPEiswXqIvHWGVHOgX+7G/vCNNhehwxfkQ==}
    engines: {node: '>=6.0'}
    peerDependencies:
      supports-color: '*'
    peerDependenciesMeta:
      supports-color:
        optional: true
    dependencies:
      ms: 2.1.2
    dev: true

  /estree-walker@2.0.2:
    resolution: {integrity: sha512-Rfkk/Mp/DL7JVje3u18FxFujQlTNR2q6QfMSMB7AvCBx91NGj/ba3kCfza0f6dVDbw7YlRf/nDrn7pQrCCyQ/w==}
    dev: true

  /fsevents@2.3.2:
    resolution: {integrity: sha512-xiqMQR4xAeHTuB9uWm+fFRcIOgKBMiOBP+eXiyT7jsgVCq1bkVygt00oASowB7EdtpOHaaPgKt812P9ab+DDKA==}
    engines: {node: ^8.16.0 || ^10.6.0 || >=11.0.0}
    os: [darwin]
    requiresBuild: true
    dev: true
    optional: true

  /has-flag@4.0.0:
    resolution: {integrity: sha512-EykJT/Q1KjTWctppgIAgfSO0tKVuZUjhgMr17kqTumMl6Afv3EISleU7qZUzoXDFTAHTDC4NOoG/ZxU3EvlMPQ==}
    engines: {node: '>=8'}
    dev: true

  /js-yaml@4.1.0:
    resolution: {integrity: sha512-wpxZs9NoxZaJESJGIZTyDEaYpl0FKSA+FB9aJiyemKhMwkxQg63h4T1KJgUGHpTqPDNRcmmYLugrRjJlBtWvRA==}
    hasBin: true
    dependencies:
      argparse: 2.0.1
    dev: true

  /lru-cache@6.0.0:
    resolution: {integrity: sha512-Jo6dJ04CmSjuznwJSS3pUeWmd/H0ffTlkXXgwZi+eq1UCmqQwCh+eLsYOYCwY991i2Fah4h1BEMCx4qThGbsiA==}
    engines: {node: '>=10'}
    dependencies:
      yallist: 4.0.0
    dev: true

  /magic-string@0.25.9:
    resolution: {integrity: sha512-RmF0AsMzgt25qzqqLc1+MbHmhdx0ojF2Fvs4XnOqz2ZOBXzzkEwc/dJQZCYHAn7v1jbVOjAZfK8msRn4BxO4VQ==}
    dependencies:
      sourcemap-codec: 1.4.8
    dev: true

  /minimist@1.2.8:
    resolution: {integrity: sha512-2yyAR8qBkN3YuheJanUpWC5U3bb5osDywNB8RzDVlDwDHbocAJveqqj1u8+SVD7jkWT4yvsHCpWqqWqAxb0zCA==}
    dev: true

  /ms@2.1.2:
    resolution: {integrity: sha512-sGkPx+VjMtmA6MX27oA4FBFELFCZZ4S4XqeGOXCv68tT+jb3vk/RyaKWP0PTKyWtmLSM0b+adUTEvbs1PEaH2w==}
    dev: true

  /picomatch@2.3.1:
    resolution: {integrity: sha512-JU3teHTNjmE2VCGFzuY8EXzCDVwEqB2a8fsIvwaStHhAWJEeVd1o1QD80CU6+ZdEXXSLbSsuLwJjkCBWqRQUVA==}
    engines: {node: '>=8.6'}
    dev: true

  /prettier@2.8.8:
    resolution: {integrity: sha512-tdN8qQGvNjw4CHbY+XXk0JgCXn9QiF21a55rBe5LJAU+kDyC4WQn4+awm2Xfk2lQMk5fKup9XgzTZtGkjBdP9Q==}
    engines: {node: '>=10.13.0'}
    hasBin: true
    dev: true

  /rollup-plugin-swc@0.2.1(@swc/core@1.3.68)(rollup@2.79.1):
    resolution: {integrity: sha512-wWRYt9tC0aIBvRQHNnVtwJ6DRPDj9XYpOAcOyFB11sKSkR/R+NAmbrjBACCPNVmZcxg6joV29wXgb5mU1DI7eA==}
    peerDependencies:
      '@swc/core': '>=1.0'
      rollup: '>=1.5.0'
    dependencies:
      '@rollup/pluginutils': 4.2.1
      '@swc/core': 1.3.68
      rollup: 2.79.1
    dev: true

  /rollup-plugin-userscript-metablock@0.3.3:
    resolution: {integrity: sha512-QxKzCTVyiaEhKEMlYjUfclXO+sZOaCwPn0diOeLdID+Ip9eOJv9kRywZ/76s8LSBenwdFLh9d/76kDUN7VqZmQ==}
    dependencies:
      chalk: 4.1.2
      debug: 4.3.4
      js-yaml: 4.1.0
      magic-string: 0.25.9
      semver: 7.5.4
      valid-url: 1.0.9
    transitivePeerDependencies:
      - supports-color
    dev: true

  /rollup@2.79.1:
    resolution: {integrity: sha512-uKxbd0IhMZOhjAiD5oAFp7BqvkA4Dv47qpOCtaNvng4HBwdbWtdOh8f5nZNuk2rp51PMGk3bzfWu5oayNEuYnw==}
    engines: {node: '>=10.0.0'}
    hasBin: true
    optionalDependencies:
      fsevents: 2.3.2
    dev: true

  /semver@7.5.4:
    resolution: {integrity: sha512-1bCSESV6Pv+i21Hvpxp3Dx+pSD8lIPt8uVjRrxAUt/nbswYc+tK6Y2btiULjd4+fnq15PX+nqQDC7Oft7WkwcA==}
    engines: {node: '>=10'}
    hasBin: true
    dependencies:
      lru-cache: 6.0.0
    dev: true

  /sourcemap-codec@1.4.8:
    resolution: {integrity: sha512-9NykojV5Uih4lgo5So5dtw+f0JgJX30KCNI8gwhz2J9A15wD0Ml6tjHKwf6fTSa6fAdVBdZeNOs9eJ71qCk8vA==}
    deprecated: Please use @jridgewell/sourcemap-codec instead
    dev: true

  /supports-color@7.2.0:
    resolution: {integrity: sha512-qpCAvRl9stuOHveKsn7HncJRvv501qIacKzQlO/+Lwxc9+0q2wLyv4Dfvt80/DPn2pqOBsJdDiogXGR9+OvwRw==}
    engines: {node: '>=8'}
    dependencies:
      has-flag: 4.0.0
    dev: true

  /turbo-darwin-64@1.10.7:
    resolution: {integrity: sha512-N2MNuhwrl6g7vGuz4y3fFG2aR1oCs0UZ5HKl8KSTn/VC2y2YIuLGedQ3OVbo0TfEvygAlF3QGAAKKtOCmGPNKA==}
    cpu: [x64]
    os: [darwin]
    requiresBuild: true
    dev: true
    optional: true

  /turbo-darwin-arm64@1.10.7:
    resolution: {integrity: sha512-WbJkvjU+6qkngp7K4EsswOriO3xrNQag7YEGRtfLoDdMTk4O4QTeU6sfg2dKfDsBpTidTvEDwgIYJhYVGzrz9Q==}
    cpu: [arm64]
    os: [darwin]
    requiresBuild: true
    dev: true
    optional: true

  /turbo-linux-64@1.10.7:
    resolution: {integrity: sha512-x1CF2CDP1pDz/J8/B2T0hnmmOQI2+y11JGIzNP0KtwxDM7rmeg3DDTtDM/9PwGqfPotN9iVGgMiMvBuMFbsLhg==}
    cpu: [x64]
    os: [linux]
    requiresBuild: true
    dev: true
    optional: true

  /turbo-linux-arm64@1.10.7:
    resolution: {integrity: sha512-JtnBmaBSYbs7peJPkXzXxsRGSGBmBEIb6/kC8RRmyvPAMyqF8wIex0pttsI+9plghREiGPtRWv/lfQEPRlXnNQ==}
    cpu: [arm64]
    os: [linux]
    requiresBuild: true
    dev: true
    optional: true

  /turbo-windows-64@1.10.7:
    resolution: {integrity: sha512-7A/4CByoHdolWS8dg3DPm99owfu1aY/W0V0+KxFd0o2JQMTQtoBgIMSvZesXaWM57z3OLsietFivDLQPuzE75w==}
    cpu: [x64]
    os: [win32]
    requiresBuild: true
    dev: true
    optional: true

  /turbo-windows-arm64@1.10.7:
    resolution: {integrity: sha512-D36K/3b6+hqm9IBAymnuVgyePktwQ+F0lSXr2B9JfAdFPBktSqGmp50JNC7pahxhnuCLj0Vdpe9RqfnJw5zATA==}
    cpu: [arm64]
    os: [win32]
    requiresBuild: true
    dev: true
    optional: true

  /turbo@1.10.7:
    resolution: {integrity: sha512-xm0MPM28TWx1e6TNC3wokfE5eaDqlfi0G24kmeHupDUZt5Wd0OzHFENEHMPqEaNKJ0I+AMObL6nbSZonZBV2HA==}
    hasBin: true
    requiresBuild: true
    optionalDependencies:
      turbo-darwin-64: 1.10.7
      turbo-darwin-arm64: 1.10.7
      turbo-linux-64: 1.10.7
      turbo-linux-arm64: 1.10.7
      turbo-windows-64: 1.10.7
      turbo-windows-arm64: 1.10.7
    dev: true

  /typescript@4.9.5:
    resolution: {integrity: sha512-1FXk9E2Hm+QzZQ7z+McJiHL4NW1F2EzMu9Nq9i3zAaGqibafqYwCVU6WyWAuyQRRzOlxou8xZSyXLEN8oKj24g==}
    engines: {node: '>=4.2.0'}
    hasBin: true
    dev: true

  /valid-url@1.0.9:
    resolution: {integrity: sha512-QQDsV8OnSf5Uc30CKSwG9lnhMPe6exHtTXLRYX8uMwKENy640pU+2BgBL0LRbDh/eYRahNCS7aewCx0wf3NYVA==}
    dev: true

  /yallist@4.0.0:
    resolution: {integrity: sha512-3wdGidZyq5PB084XLES5TpOSRA3wjXAlIWMhum2kRcv/41Sn2emQ0dycQW4uZXLejwKvg6EsvbdlVL+FYEct7A==}
    dev: true
