lockfileVersion: 5.4

importers:

  .:
    specifiers:
      '@swc/core': ^1.3.28
      minimist: ^1.2.7
      prettier: ^2.8.3
      rollup: ^2.79.1
      rollup-plugin-swc: ^0.2.1
      rollup-plugin-userscript-metablock: ^0.3.1
      turbo: ^1.7.0
      typescript: ^4.9.4
    devDependencies:
      '@swc/core': 1.3.28
      minimist: 1.2.7
      prettier: 2.8.3
      rollup: 2.79.1
      rollup-plugin-swc: 0.2.1_rdaaxhda4jml3mhvnqcp2skgsa
      rollup-plugin-userscript-metablock: 0.3.1
      turbo: 1.7.0
      typescript: 4.9.4

  packages/_template:
    specifiers:
      tsconfig: workspace:*
    devDependencies:
      tsconfig: link:../_tsconfig

  packages/_tsconfig:
    specifiers:
      '@tsconfig/recommended': ^1.0.1
    devDependencies:
      '@tsconfig/recommended': 1.0.1

  packages/better-steam-rating:
    specifiers: {}

  packages/douban2rarbg:
    specifiers:
      tsconfig: workspace:*
    devDependencies:
      tsconfig: link:../_tsconfig

  packages/down-git:
    specifiers:
      tsconfig: workspace:*
    devDependencies:
      tsconfig: link:../_tsconfig

  packages/exclude-dv:
    specifiers:
      tsconfig: workspace:*
    devDependencies:
      tsconfig: link:../_tsconfig

  packages/ghproxy-gist-raw:
    specifiers:
      tsconfig: workspace:*
    devDependencies:
      tsconfig: link:../_tsconfig

  packages/ghproxy-raw:
    specifiers:
      tsconfig: workspace:*
    devDependencies:
      tsconfig: link:../_tsconfig

  packages/ghproxy-releases:
    specifiers:
      tsconfig: workspace:*
    devDependencies:
      tsconfig: link:../_tsconfig

packages:

  /@rollup/pluginutils/4.2.1:
    resolution: {integrity: sha512-iKnFXr7NkdZAIHiIWE+BX5ULi/ucVFYWD6TbAV+rZctiRTY2PL6tsIKhoIOaoskiWAkgu+VsbXgUVDNLHf+InQ==}
    engines: {node: '>= 8.0.0'}
    dependencies:
      estree-walker: 2.0.2
      picomatch: 2.3.1
    dev: true

  /@swc/core-darwin-arm64/1.3.28:
    resolution: {integrity: sha512-f1ph5DDIOX6bvjhlOuWz8ZDiTghhq144Sy9gaRi+DjK3gdnftc4p5AyZHA4Xb03MZ+fd0mj8q6/znco5aBMi1A==}
    engines: {node: '>=10'}
    cpu: [arm64]
    os: [darwin]
    requiresBuild: true
    dev: true
    optional: true

  /@swc/core-darwin-x64/1.3.28:
    resolution: {integrity: sha512-5dB5Z4Ry45UTXXAxhwagCYfh57njffkdIJkjid1f+Qt4i7cOznOaIiD4wobGD7xHCATEcs8F23yWkAmvrbacew==}
    engines: {node: '>=10'}
    cpu: [x64]
    os: [darwin]
    requiresBuild: true
    dev: true
    optional: true

  /@swc/core-linux-arm-gnueabihf/1.3.28:
    resolution: {integrity: sha512-VmtAQAENJ5SHBXTKxXNlnnM34xGOtJpHYva83zeZM/2epdoz1BJ6Ny3gTBXDftaWgAj2SRwVIjMR3/c71aJysQ==}
    engines: {node: '>=10'}
    cpu: [arm]
    os: [linux]
    requiresBuild: true
    dev: true
    optional: true

  /@swc/core-linux-arm64-gnu/1.3.28:
    resolution: {integrity: sha512-KIJ1SHGbusM6W2rxue1f+IN/iuzmspgMY9qP/qW5Z43Mm9mrHdzDmhsMoEH1y2gPUsu/ZZnkXlODJ0M0454JNQ==}
    engines: {node: '>=10'}
    cpu: [arm64]
    os: [linux]
    requiresBuild: true
    dev: true
    optional: true

  /@swc/core-linux-arm64-musl/1.3.28:
    resolution: {integrity: sha512-Zz2DZj8ncSvVEAsol8gtoXrVLP8e+IYSx6o8txYVR0p0pviJBzeuYGaLe5sbQdQnVVS2M5N90LX28P6/mQb6sQ==}
    engines: {node: '>=10'}
    cpu: [arm64]
    os: [linux]
    requiresBuild: true
    dev: true
    optional: true

  /@swc/core-linux-x64-gnu/1.3.28:
    resolution: {integrity: sha512-Za3uowhcP74qSCNqjZLBx3nAmjIFYNbB0nGBKwkLBopbMcpO0BjvnsdzmoWqv2Uq41vaeVk/o9vATQMojfHHQg==}
    engines: {node: '>=10'}
    cpu: [x64]
    os: [linux]
    requiresBuild: true
    dev: true
    optional: true

  /@swc/core-linux-x64-musl/1.3.28:
    resolution: {integrity: sha512-i3BAkmrf19VXybbjuS9Jnlnx5Ie4vukLMCQRfXCQqIqaiSw3QzubjolYo07sGtzoVI3nBscDt3i8T+oxTPOMkw==}
    engines: {node: '>=10'}
    cpu: [x64]
    os: [linux]
    requiresBuild: true
    dev: true
    optional: true

  /@swc/core-win32-arm64-msvc/1.3.28:
    resolution: {integrity: sha512-DdNxKP/P0/OFqX1dtl9Ubrd567QPMSeJvp9iDtMdgCBWN2N6HXvyMj623WIA0y9FIcA7wexz0Hh3gS+G9Jof+Q==}
    engines: {node: '>=10'}
    cpu: [arm64]
    os: [win32]
    requiresBuild: true
    dev: true
    optional: true

  /@swc/core-win32-ia32-msvc/1.3.28:
    resolution: {integrity: sha512-/jZWBIgaNkKTlKiZ7DXmMJzW0n1ychDKS1bYRuNLrtTRthMP5M3LRZXITz0AcvPl0mIA0IXeMQbE4ZMUc7LAFg==}
    engines: {node: '>=10'}
    cpu: [ia32]
    os: [win32]
    requiresBuild: true
    dev: true
    optional: true

  /@swc/core-win32-x64-msvc/1.3.28:
    resolution: {integrity: sha512-HKhE0LznEwTP/qi6EVclmJzfNdykzuK6sjYMTjcDqNJOuuRNMu+IJzPzCPuakgljymWGFmddnuuubd9Y+kl3eg==}
    engines: {node: '>=10'}
    cpu: [x64]
    os: [win32]
    requiresBuild: true
    dev: true
    optional: true

  /@swc/core/1.3.28:
    resolution: {integrity: sha512-yzc61HbAIjHeOYTUW/IgXAywlSviMFymnUiLY7dNUELGHjMVxSp0XnIlPQN4v5UekYbwLEV8+KChaoQRACiQCw==}
    engines: {node: '>=10'}
    requiresBuild: true
    optionalDependencies:
      '@swc/core-darwin-arm64': 1.3.28
      '@swc/core-darwin-x64': 1.3.28
      '@swc/core-linux-arm-gnueabihf': 1.3.28
      '@swc/core-linux-arm64-gnu': 1.3.28
      '@swc/core-linux-arm64-musl': 1.3.28
      '@swc/core-linux-x64-gnu': 1.3.28
      '@swc/core-linux-x64-musl': 1.3.28
      '@swc/core-win32-arm64-msvc': 1.3.28
      '@swc/core-win32-ia32-msvc': 1.3.28
      '@swc/core-win32-x64-msvc': 1.3.28
    dev: true

  /@tsconfig/recommended/1.0.1:
    resolution: {integrity: sha512-2xN+iGTbPBEzGSnVp/Hd64vKJCJWxsi9gfs88x4PPMyEjHJoA3o5BY9r5OLPHIZU2pAQxkSAsJFqn6itClP8mQ==}
    dev: true

  /ansi-styles/4.3.0:
    resolution: {integrity: sha512-zbB9rCJAT1rbjiVDb2hqKFHNYLxgtk8NURxZ3IZwD3F6NtxbXZQCnnSi1Lkx+IDohdPlFp222wVALIheZJQSEg==}
    engines: {node: '>=8'}
    dependencies:
      color-convert: 2.0.1
    dev: true

  /argparse/2.0.1:
    resolution: {integrity: sha512-8+9WqebbFzpX9OR+Wa6O29asIogeRMzcGtAINdpMHHyAg10f05aSFVBbcEqGf/PXw1EjAZ+q2/bEBg3DvurK3Q==}
    dev: true

  /chalk/4.1.2:
    resolution: {integrity: sha512-oKnbhFyRIXpUuez8iBMmyEa4nbj4IOQyuhc/wy9kY7/WVPcwIO9VA668Pu8RkO7+0G76SLROeyw9CpQ061i4mA==}
    engines: {node: '>=10'}
    dependencies:
      ansi-styles: 4.3.0
      supports-color: 7.2.0
    dev: true

  /color-convert/2.0.1:
    resolution: {integrity: sha512-RRECPsj7iu/xb5oKYcsFHSppFNnsj/52OVTRKb4zP5onXwVF3zVmmToNcOfGC+CRDpfK/U584fMg38ZHCaElKQ==}
    engines: {node: '>=7.0.0'}
    dependencies:
      color-name: 1.1.4
    dev: true

  /color-name/1.1.4:
    resolution: {integrity: sha512-dOy+3AuW3a2wNbZHIuMZpTcgjGuLU/uBL/ubcZF9OXbDo8ff4O8yVp5Bf0efS8uEoYo5q4Fx7dY9OgQGXgAsQA==}
    dev: true

  /debug/4.3.4:
    resolution: {integrity: sha512-PRWFHuSU3eDtQJPvnNY7Jcket1j0t5OuOsFzPPzsekD52Zl8qUfFIPEiswXqIvHWGVHOgX+7G/vCNNhehwxfkQ==}
    engines: {node: '>=6.0'}
    peerDependencies:
      supports-color: '*'
    peerDependenciesMeta:
      supports-color:
        optional: true
    dependencies:
      ms: 2.1.2
    dev: true

  /estree-walker/2.0.2:
    resolution: {integrity: sha512-Rfkk/Mp/DL7JVje3u18FxFujQlTNR2q6QfMSMB7AvCBx91NGj/ba3kCfza0f6dVDbw7YlRf/nDrn7pQrCCyQ/w==}
    dev: true

  /fsevents/2.3.2:
    resolution: {integrity: sha512-xiqMQR4xAeHTuB9uWm+fFRcIOgKBMiOBP+eXiyT7jsgVCq1bkVygt00oASowB7EdtpOHaaPgKt812P9ab+DDKA==}
    engines: {node: ^8.16.0 || ^10.6.0 || >=11.0.0}
    os: [darwin]
    requiresBuild: true
    dev: true
    optional: true

  /has-flag/4.0.0:
    resolution: {integrity: sha512-EykJT/Q1KjTWctppgIAgfSO0tKVuZUjhgMr17kqTumMl6Afv3EISleU7qZUzoXDFTAHTDC4NOoG/ZxU3EvlMPQ==}
    engines: {node: '>=8'}
    dev: true

  /js-yaml/4.1.0:
    resolution: {integrity: sha512-wpxZs9NoxZaJESJGIZTyDEaYpl0FKSA+FB9aJiyemKhMwkxQg63h4T1KJgUGHpTqPDNRcmmYLugrRjJlBtWvRA==}
    hasBin: true
    dependencies:
      argparse: 2.0.1
    dev: true

  /lru-cache/6.0.0:
    resolution: {integrity: sha512-Jo6dJ04CmSjuznwJSS3pUeWmd/H0ffTlkXXgwZi+eq1UCmqQwCh+eLsYOYCwY991i2Fah4h1BEMCx4qThGbsiA==}
    engines: {node: '>=10'}
    dependencies:
      yallist: 4.0.0
    dev: true

  /magic-string/0.25.9:
    resolution: {integrity: sha512-RmF0AsMzgt25qzqqLc1+MbHmhdx0ojF2Fvs4XnOqz2ZOBXzzkEwc/dJQZCYHAn7v1jbVOjAZfK8msRn4BxO4VQ==}
    dependencies:
      sourcemap-codec: 1.4.8
    dev: true

  /minimist/1.2.7:
    resolution: {integrity: sha512-bzfL1YUZsP41gmu/qjrEk0Q6i2ix/cVeAhbCbqH9u3zYutS1cLg00qhrD0M2MVdCcx4Sc0UpP2eBWo9rotpq6g==}
    dev: true

  /ms/2.1.2:
    resolution: {integrity: sha512-sGkPx+VjMtmA6MX27oA4FBFELFCZZ4S4XqeGOXCv68tT+jb3vk/RyaKWP0PTKyWtmLSM0b+adUTEvbs1PEaH2w==}
    dev: true

  /picomatch/2.3.1:
    resolution: {integrity: sha512-JU3teHTNjmE2VCGFzuY8EXzCDVwEqB2a8fsIvwaStHhAWJEeVd1o1QD80CU6+ZdEXXSLbSsuLwJjkCBWqRQUVA==}
    engines: {node: '>=8.6'}
    dev: true

  /prettier/2.8.3:
    resolution: {integrity: sha512-tJ/oJ4amDihPoufT5sM0Z1SKEuKay8LfVAMlbbhnnkvt6BUserZylqo2PN+p9KeljLr0OHa2rXHU1T8reeoTrw==}
    engines: {node: '>=10.13.0'}
    hasBin: true
    dev: true

  /rollup-plugin-swc/0.2.1_rdaaxhda4jml3mhvnqcp2skgsa:
    resolution: {integrity: sha512-wWRYt9tC0aIBvRQHNnVtwJ6DRPDj9XYpOAcOyFB11sKSkR/R+NAmbrjBACCPNVmZcxg6joV29wXgb5mU1DI7eA==}
    peerDependencies:
      '@swc/core': '>=1.0'
      rollup: '>=1.5.0'
    dependencies:
      '@rollup/pluginutils': 4.2.1
      '@swc/core': 1.3.28
      rollup: 2.79.1
    dev: true

  /rollup-plugin-userscript-metablock/0.3.1:
    resolution: {integrity: sha512-FwGgBQ8oD9MYkUI2CRPD4TJr3hV0UP4YCOGFQDK8PqMZLD6IbPvuraG3qhMCFhukzeTgfEs6uGsUO0xujeJEFw==}
    dependencies:
      chalk: 4.1.2
      debug: 4.3.4
      js-yaml: 4.1.0
      magic-string: 0.25.9
      semver: 7.3.8
      valid-url: 1.0.9
    transitivePeerDependencies:
      - supports-color
    dev: true

  /rollup/2.79.1:
    resolution: {integrity: sha512-uKxbd0IhMZOhjAiD5oAFp7BqvkA4Dv47qpOCtaNvng4HBwdbWtdOh8f5nZNuk2rp51PMGk3bzfWu5oayNEuYnw==}
    engines: {node: '>=10.0.0'}
    hasBin: true
    optionalDependencies:
      fsevents: 2.3.2
    dev: true

  /semver/7.3.8:
    resolution: {integrity: sha512-NB1ctGL5rlHrPJtFDVIVzTyQylMLu9N9VICA6HSFJo8MCGVTMW6gfpicwKmmK/dAjTOrqu5l63JJOpDSrAis3A==}
    engines: {node: '>=10'}
    hasBin: true
    dependencies:
      lru-cache: 6.0.0
    dev: true

  /sourcemap-codec/1.4.8:
    resolution: {integrity: sha512-9NykojV5Uih4lgo5So5dtw+f0JgJX30KCNI8gwhz2J9A15wD0Ml6tjHKwf6fTSa6fAdVBdZeNOs9eJ71qCk8vA==}
    deprecated: Please use @jridgewell/sourcemap-codec instead
    dev: true

  /supports-color/7.2.0:
    resolution: {integrity: sha512-qpCAvRl9stuOHveKsn7HncJRvv501qIacKzQlO/+Lwxc9+0q2wLyv4Dfvt80/DPn2pqOBsJdDiogXGR9+OvwRw==}
    engines: {node: '>=8'}
    dependencies:
      has-flag: 4.0.0
    dev: true

  /turbo-darwin-64/1.7.0:
    resolution: {integrity: sha512-hSGAueSf5Ko8J67mpqjpt9FsP6ePn1nMcl7IVPoJq5dHsgX3anCP/BPlexJ502bNK+87DDyhQhJ/LPSJXKrSYQ==}
    cpu: [x64]
    os: [darwin]
    requiresBuild: true
    dev: true
    optional: true

  /turbo-darwin-arm64/1.7.0:
    resolution: {integrity: sha512-BLLOW5W6VZxk5+0ZOj5AO1qjM0P5isIgjbEuyAl8lHZ4s9antUbY4CtFrspT32XxPTYoDl4UjviPMcSsbcl3WQ==}
    cpu: [arm64]
    os: [darwin]
    requiresBuild: true
    dev: true
    optional: true

  /turbo-linux-64/1.7.0:
    resolution: {integrity: sha512-aw2qxmfZa+kT87SB3GNUoFimqEPzTlzlRqhPgHuAAT6Uf0JHnmebPt4K+ZPtDNl5yfVmtB05bhHPqw+5QV97Yg==}
    cpu: [x64]
    os: [linux]
    requiresBuild: true
    dev: true
    optional: true

  /turbo-linux-arm64/1.7.0:
    resolution: {integrity: sha512-AJEx2jX+zO5fQtJpO3r6uhTabj4oSA5ZhB7zTs/rwu/XqoydsvStA4X8NDW4poTbOjF7DcSHizqwi04tSMzpJw==}
    cpu: [arm64]
    os: [linux]
    requiresBuild: true
    dev: true
    optional: true

  /turbo-windows-64/1.7.0:
    resolution: {integrity: sha512-ewj7PPv2uxqv0r31hgnBa3E5qwUu7eyVRP5M1gB/TJXfSHduU79gbxpKCyxIZv2fL/N2/3U7EPOQPSZxBAoljA==}
    cpu: [x64]
    os: [win32]
    requiresBuild: true
    dev: true
    optional: true

  /turbo-windows-arm64/1.7.0:
    resolution: {integrity: sha512-LzjOUzveWkvTD0jP8DBMYiAnYemmydsvqxdSmsUapHHJkl6wKZIOQNSO7pxsy+9XM/1/+0f9Y9F9ZNl5lePTEA==}
    cpu: [arm64]
    os: [win32]
    requiresBuild: true
    dev: true
    optional: true

  /turbo/1.7.0:
    resolution: {integrity: sha512-cwympNwQNnQZ/TffBd8yT0i0O10Cf/hlxccCYgUcwhcGEb9rDjE5thDbHoHw1hlJQUF/5ua7ERJe7Zr0lNE/ww==}
    hasBin: true
    requiresBuild: true
    optionalDependencies:
      turbo-darwin-64: 1.7.0
      turbo-darwin-arm64: 1.7.0
      turbo-linux-64: 1.7.0
      turbo-linux-arm64: 1.7.0
      turbo-windows-64: 1.7.0
      turbo-windows-arm64: 1.7.0
    dev: true

  /typescript/4.9.4:
    resolution: {integrity: sha512-Uz+dTXYzxXXbsFpM86Wh3dKCxrQqUcVMxwU54orwlJjOpO3ao8L7j5lH+dWfTwgCwIuM9GQ2kvVotzYJMXTBZg==}
    engines: {node: '>=4.2.0'}
    hasBin: true
    dev: true

  /valid-url/1.0.9:
    resolution: {integrity: sha512-QQDsV8OnSf5Uc30CKSwG9lnhMPe6exHtTXLRYX8uMwKENy640pU+2BgBL0LRbDh/eYRahNCS7aewCx0wf3NYVA==}
    dev: true

  /yallist/4.0.0:
    resolution: {integrity: sha512-3wdGidZyq5PB084XLES5TpOSRA3wjXAlIWMhum2kRcv/41Sn2emQ0dycQW4uZXLejwKvg6EsvbdlVL+FYEct7A==}
    dev: true
