lockfileVersion: 5.4

importers:

  .:
    specifiers:
      '@swc/core': ^1.2.244
      prettier: ^2.7.1
      rollup: ^2.78.1
      rollup-plugin-swc: ^0.2.1
      rollup-plugin-userscript-metablock: ^0.3.1
      typescript: ^4.8.2
    devDependencies:
      '@swc/core': 1.2.244
      prettier: 2.7.1
      rollup: 2.78.1
      rollup-plugin-swc: 0.2.1_o53tlzfow27e2tsew25cpairx4
      rollup-plugin-userscript-metablock: 0.3.1
      typescript: 4.8.2

packages:

  /@rollup/pluginutils/4.2.1:
    resolution: {integrity: sha512-iKnFXr7NkdZAIHiIWE+BX5ULi/ucVFYWD6TbAV+rZctiRTY2PL6tsIKhoIOaoskiWAkgu+VsbXgUVDNLHf+InQ==}
    engines: {node: '>= 8.0.0'}
    dependencies:
      estree-walker: 2.0.2
      picomatch: 2.3.1
    dev: true

  /@swc/core-android-arm-eabi/1.2.244:
    resolution: {integrity: sha512-bQN6SY78bFIm6lz46ss4+ZDU9owevVjF95Cm+3KB/13ZOPF+m5Pdm8WQLoBYTLgJ0r4/XukEe9XXjba/6Kf8kw==}
    engines: {node: '>=10'}
    cpu: [arm]
    os: [android]
    requiresBuild: true
    dependencies:
      '@swc/wasm': 1.2.122
    dev: true
    optional: true

  /@swc/core-android-arm64/1.2.244:
    resolution: {integrity: sha512-CJeL/EeOIzrH+77otNT6wfGF8uadOHo4rEaBN/xvmtnpdADjYJ8Wt85X4nRK0G929bMke/QdJm5ilPNJdmgCTg==}
    engines: {node: '>=10'}
    cpu: [arm64]
    os: [android]
    requiresBuild: true
    dependencies:
      '@swc/wasm': 1.2.130
    dev: true
    optional: true

  /@swc/core-darwin-arm64/1.2.244:
    resolution: {integrity: sha512-ZhRK8L/lpPCerUxtrW48cRJtpsUG5xVTUXu3N0TrYuxRzzapHgK+61g1JdtcwdNvEV7l00X4vfCBRYO0S2nsmw==}
    engines: {node: '>=10'}
    cpu: [arm64]
    os: [darwin]
    requiresBuild: true
    dev: true
    optional: true

  /@swc/core-darwin-x64/1.2.244:
    resolution: {integrity: sha512-4mY8Gkq2ZMUpXYCLceGp7w0Jnxp75N1gQswNFhMBU4k90ElDuBtPoUSnB1v8MwlQtK7WA25MdvwFnBaEJnfxOg==}
    engines: {node: '>=10'}
    cpu: [x64]
    os: [darwin]
    requiresBuild: true
    dev: true
    optional: true

  /@swc/core-freebsd-x64/1.2.244:
    resolution: {integrity: sha512-k/NEZfkgtZ4S96woYArZ89jwJ/L1zyxihTgFFu7SxDt+WRE1EPmY42Gt4y874zi1JiSEFSRHiiueDUfRPu7C0Q==}
    engines: {node: '>=10'}
    cpu: [x64]
    os: [freebsd]
    requiresBuild: true
    dependencies:
      '@swc/wasm': 1.2.130
    dev: true
    optional: true

  /@swc/core-linux-arm-gnueabihf/1.2.244:
    resolution: {integrity: sha512-tE9b/oZWhMXwoXHkgHFckMrLrlczvG7HgQAdtDuA6g30Xd/3XmdVzC4NbXR+1HoaGVDh7cf0EFE3aKdfPvPQwA==}
    engines: {node: '>=10'}
    cpu: [arm]
    os: [linux]
    requiresBuild: true
    dependencies:
      '@swc/wasm': 1.2.130
    dev: true
    optional: true

  /@swc/core-linux-arm64-gnu/1.2.244:
    resolution: {integrity: sha512-zrpVKUeQxZnzorOp3aXhjK1X2/6xuVZcdyxAUDzItP6G4nLbgPBEQLUi6aUjOjquFiihokXoKWaMPQjF/LqH+g==}
    engines: {node: '>=10'}
    cpu: [arm64]
    os: [linux]
    requiresBuild: true
    dev: true
    optional: true

  /@swc/core-linux-arm64-musl/1.2.244:
    resolution: {integrity: sha512-gI6bntk+HDe2witOsQgBDyDDpRmF5dfxbygvVsEdCI+Ko9yj5S9aCsc8WhhbtdcEG1Fo3v/sM/F/9pGatCAwzQ==}
    engines: {node: '>=10'}
    cpu: [arm64]
    os: [linux]
    requiresBuild: true
    dev: true
    optional: true

  /@swc/core-linux-x64-gnu/1.2.244:
    resolution: {integrity: sha512-hwJ5HrDj7asmVGjzaT6SFdhPVxVUIYm9LCuE3yu89+6C5aR9YrCXvpgIjGcHJvEO2PLAtff72FsX7sbXbzzYGQ==}
    engines: {node: '>=10'}
    cpu: [x64]
    os: [linux]
    requiresBuild: true
    dev: true
    optional: true

  /@swc/core-linux-x64-musl/1.2.244:
    resolution: {integrity: sha512-P8d4AIVN63xaS3t5WhOo0Ejy/X7XaDxXe9sJpEbGQP7CGofhURvgXwe8Q6uhPeWC9AwEPu35ArFQ0ZUmOCY0rg==}
    engines: {node: '>=10'}
    cpu: [x64]
    os: [linux]
    requiresBuild: true
    dev: true
    optional: true

  /@swc/core-win32-arm64-msvc/1.2.244:
    resolution: {integrity: sha512-PZUhgooqPDo+NUo+tIxWI1jKnYVV2ACs8eUkSE++Qf7E4/9Igy79XHbG4/G5ERlCudhdcw4XkYiRN8GJQg6P5w==}
    engines: {node: '>=10'}
    cpu: [arm64]
    os: [win32]
    requiresBuild: true
    dependencies:
      '@swc/wasm': 1.2.130
    dev: true
    optional: true

  /@swc/core-win32-ia32-msvc/1.2.244:
    resolution: {integrity: sha512-w7v8fND4E8wOHoVVNJIDjOh8EQiedI9HCsCTEDM/z/dVPsk/rxi6iHYnZG6gv+X/d0aCLeZQOkW9khfyy128cg==}
    engines: {node: '>=10'}
    cpu: [ia32]
    os: [win32]
    requiresBuild: true
    dependencies:
      '@swc/wasm': 1.2.130
    dev: true
    optional: true

  /@swc/core-win32-x64-msvc/1.2.244:
    resolution: {integrity: sha512-/A9ssLtqXEQrdHnJ9SvZSBF7zQM/0ydz8B3p5BT9kUbAhmNqbfE4/Wy3d2zd7nrF16n6tRm4giCzcIdzd/7mvw==}
    engines: {node: '>=10'}
    cpu: [x64]
    os: [win32]
    requiresBuild: true
    dev: true
    optional: true

  /@swc/core/1.2.244:
    resolution: {integrity: sha512-/UguNMvKgVeR8wGFb53h+Y9hFSiEpeUhC4Cr1neN15wvWZD3lfvN4qAdqNifZiiPKXrCwYy8NTKlHVtHMYzpXw==}
    engines: {node: '>=10'}
    hasBin: true
    requiresBuild: true
    optionalDependencies:
      '@swc/core-android-arm-eabi': 1.2.244
      '@swc/core-android-arm64': 1.2.244
      '@swc/core-darwin-arm64': 1.2.244
      '@swc/core-darwin-x64': 1.2.244
      '@swc/core-freebsd-x64': 1.2.244
      '@swc/core-linux-arm-gnueabihf': 1.2.244
      '@swc/core-linux-arm64-gnu': 1.2.244
      '@swc/core-linux-arm64-musl': 1.2.244
      '@swc/core-linux-x64-gnu': 1.2.244
      '@swc/core-linux-x64-musl': 1.2.244
      '@swc/core-win32-arm64-msvc': 1.2.244
      '@swc/core-win32-ia32-msvc': 1.2.244
      '@swc/core-win32-x64-msvc': 1.2.244
    dev: true

  /@swc/wasm/1.2.122:
    resolution: {integrity: sha512-sM1VCWQxmNhFtdxME+8UXNyPNhxNu7zdb6ikWpz0YKAQQFRGT5ThZgJrubEpah335SUToNg8pkdDF7ibVCjxbQ==}
    requiresBuild: true
    dev: true
    optional: true

  /@swc/wasm/1.2.130:
    resolution: {integrity: sha512-rNcJsBxS70+pv8YUWwf5fRlWX6JoY/HJc25HD/F8m6Kv7XhJdqPPMhyX6TKkUBPAG7TWlZYoxa+rHAjPy4Cj3Q==}
    requiresBuild: true
    dev: true
    optional: true

  /ansi-styles/4.3.0:
    resolution: {integrity: sha512-zbB9rCJAT1rbjiVDb2hqKFHNYLxgtk8NURxZ3IZwD3F6NtxbXZQCnnSi1Lkx+IDohdPlFp222wVALIheZJQSEg==}
    engines: {node: '>=8'}
    dependencies:
      color-convert: 2.0.1
    dev: true

  /argparse/2.0.1:
    resolution: {integrity: sha512-8+9WqebbFzpX9OR+Wa6O29asIogeRMzcGtAINdpMHHyAg10f05aSFVBbcEqGf/PXw1EjAZ+q2/bEBg3DvurK3Q==}
    dev: true

  /chalk/4.1.2:
    resolution: {integrity: sha512-oKnbhFyRIXpUuez8iBMmyEa4nbj4IOQyuhc/wy9kY7/WVPcwIO9VA668Pu8RkO7+0G76SLROeyw9CpQ061i4mA==}
    engines: {node: '>=10'}
    dependencies:
      ansi-styles: 4.3.0
      supports-color: 7.2.0
    dev: true

  /color-convert/2.0.1:
    resolution: {integrity: sha512-RRECPsj7iu/xb5oKYcsFHSppFNnsj/52OVTRKb4zP5onXwVF3zVmmToNcOfGC+CRDpfK/U584fMg38ZHCaElKQ==}
    engines: {node: '>=7.0.0'}
    dependencies:
      color-name: 1.1.4
    dev: true

  /color-name/1.1.4:
    resolution: {integrity: sha512-dOy+3AuW3a2wNbZHIuMZpTcgjGuLU/uBL/ubcZF9OXbDo8ff4O8yVp5Bf0efS8uEoYo5q4Fx7dY9OgQGXgAsQA==}
    dev: true

  /debug/4.3.4:
    resolution: {integrity: sha512-PRWFHuSU3eDtQJPvnNY7Jcket1j0t5OuOsFzPPzsekD52Zl8qUfFIPEiswXqIvHWGVHOgX+7G/vCNNhehwxfkQ==}
    engines: {node: '>=6.0'}
    peerDependencies:
      supports-color: '*'
    peerDependenciesMeta:
      supports-color:
        optional: true
    dependencies:
      ms: 2.1.2
    dev: true

  /estree-walker/2.0.2:
    resolution: {integrity: sha512-Rfkk/Mp/DL7JVje3u18FxFujQlTNR2q6QfMSMB7AvCBx91NGj/ba3kCfza0f6dVDbw7YlRf/nDrn7pQrCCyQ/w==}
    dev: true

  /fsevents/2.3.2:
    resolution: {integrity: sha512-xiqMQR4xAeHTuB9uWm+fFRcIOgKBMiOBP+eXiyT7jsgVCq1bkVygt00oASowB7EdtpOHaaPgKt812P9ab+DDKA==}
    engines: {node: ^8.16.0 || ^10.6.0 || >=11.0.0}
    os: [darwin]
    requiresBuild: true
    dev: true
    optional: true

  /has-flag/4.0.0:
    resolution: {integrity: sha512-EykJT/Q1KjTWctppgIAgfSO0tKVuZUjhgMr17kqTumMl6Afv3EISleU7qZUzoXDFTAHTDC4NOoG/ZxU3EvlMPQ==}
    engines: {node: '>=8'}
    dev: true

  /js-yaml/4.1.0:
    resolution: {integrity: sha512-wpxZs9NoxZaJESJGIZTyDEaYpl0FKSA+FB9aJiyemKhMwkxQg63h4T1KJgUGHpTqPDNRcmmYLugrRjJlBtWvRA==}
    hasBin: true
    dependencies:
      argparse: 2.0.1
    dev: true

  /lru-cache/6.0.0:
    resolution: {integrity: sha512-Jo6dJ04CmSjuznwJSS3pUeWmd/H0ffTlkXXgwZi+eq1UCmqQwCh+eLsYOYCwY991i2Fah4h1BEMCx4qThGbsiA==}
    engines: {node: '>=10'}
    dependencies:
      yallist: 4.0.0
    dev: true

  /magic-string/0.25.9:
    resolution: {integrity: sha512-RmF0AsMzgt25qzqqLc1+MbHmhdx0ojF2Fvs4XnOqz2ZOBXzzkEwc/dJQZCYHAn7v1jbVOjAZfK8msRn4BxO4VQ==}
    dependencies:
      sourcemap-codec: 1.4.8
    dev: true

  /ms/2.1.2:
    resolution: {integrity: sha512-sGkPx+VjMtmA6MX27oA4FBFELFCZZ4S4XqeGOXCv68tT+jb3vk/RyaKWP0PTKyWtmLSM0b+adUTEvbs1PEaH2w==}
    dev: true

  /picomatch/2.3.1:
    resolution: {integrity: sha512-JU3teHTNjmE2VCGFzuY8EXzCDVwEqB2a8fsIvwaStHhAWJEeVd1o1QD80CU6+ZdEXXSLbSsuLwJjkCBWqRQUVA==}
    engines: {node: '>=8.6'}
    dev: true

  /prettier/2.7.1:
    resolution: {integrity: sha512-ujppO+MkdPqoVINuDFDRLClm7D78qbDt0/NR+wp5FqEZOoTNAjPHWj17QRhu7geIHJfcNhRk1XVQmF8Bp3ye+g==}
    engines: {node: '>=10.13.0'}
    hasBin: true
    dev: true

  /rollup-plugin-swc/0.2.1_o53tlzfow27e2tsew25cpairx4:
    resolution: {integrity: sha512-wWRYt9tC0aIBvRQHNnVtwJ6DRPDj9XYpOAcOyFB11sKSkR/R+NAmbrjBACCPNVmZcxg6joV29wXgb5mU1DI7eA==}
    peerDependencies:
      '@swc/core': '>=1.0'
      rollup: '>=1.5.0'
    dependencies:
      '@rollup/pluginutils': 4.2.1
      '@swc/core': 1.2.244
      rollup: 2.78.1
    dev: true

  /rollup-plugin-userscript-metablock/0.3.1:
    resolution: {integrity: sha512-FwGgBQ8oD9MYkUI2CRPD4TJr3hV0UP4YCOGFQDK8PqMZLD6IbPvuraG3qhMCFhukzeTgfEs6uGsUO0xujeJEFw==}
    dependencies:
      chalk: 4.1.2
      debug: 4.3.4
      js-yaml: 4.1.0
      magic-string: 0.25.9
      semver: 7.3.7
      valid-url: 1.0.9
    transitivePeerDependencies:
      - supports-color
    dev: true

  /rollup/2.78.1:
    resolution: {integrity: sha512-VeeCgtGi4P+o9hIg+xz4qQpRl6R401LWEXBmxYKOV4zlF82lyhgh2hTZnheFUbANE8l2A41F458iwj2vEYaXJg==}
    engines: {node: '>=10.0.0'}
    hasBin: true
    optionalDependencies:
      fsevents: 2.3.2
    dev: true

  /semver/7.3.7:
    resolution: {integrity: sha512-QlYTucUYOews+WeEujDoEGziz4K6c47V/Bd+LjSSYcA94p+DmINdf7ncaUinThfvZyu13lN9OY1XDxt8C0Tw0g==}
    engines: {node: '>=10'}
    hasBin: true
    dependencies:
      lru-cache: 6.0.0
    dev: true

  /sourcemap-codec/1.4.8:
    resolution: {integrity: sha512-9NykojV5Uih4lgo5So5dtw+f0JgJX30KCNI8gwhz2J9A15wD0Ml6tjHKwf6fTSa6fAdVBdZeNOs9eJ71qCk8vA==}
    dev: true

  /supports-color/7.2.0:
    resolution: {integrity: sha512-qpCAvRl9stuOHveKsn7HncJRvv501qIacKzQlO/+Lwxc9+0q2wLyv4Dfvt80/DPn2pqOBsJdDiogXGR9+OvwRw==}
    engines: {node: '>=8'}
    dependencies:
      has-flag: 4.0.0
    dev: true

  /typescript/4.8.2:
    resolution: {integrity: sha512-C0I1UsrrDHo2fYI5oaCGbSejwX4ch+9Y5jTQELvovfmFkK3HHSZJB8MSJcWLmCUBzQBchCrZ9rMRV6GuNrvGtw==}
    engines: {node: '>=4.2.0'}
    hasBin: true
    dev: true

  /valid-url/1.0.9:
    resolution: {integrity: sha512-QQDsV8OnSf5Uc30CKSwG9lnhMPe6exHtTXLRYX8uMwKENy640pU+2BgBL0LRbDh/eYRahNCS7aewCx0wf3NYVA==}
    dev: true

  /yallist/4.0.0:
    resolution: {integrity: sha512-3wdGidZyq5PB084XLES5TpOSRA3wjXAlIWMhum2kRcv/41Sn2emQ0dycQW4uZXLejwKvg6EsvbdlVL+FYEct7A==}
    dev: true
